
Microsoft Visual Studio Solution File, Format Version 12.00
# Visual Studio Version 17
VisualStudioVersion = 17.8.34330.188
MinimumVisualStudioVersion = 10.0.40219.1
Project("{9A19103F-16F7-4668-BE54-9A1E7A4F7556}") = "Api_Flights", "API_FLY\Api_Flights.csproj", "{4D791D7A-2A08-45AC-945D-D407C3D9CC54}"
EndProject
Project("{9A19103F-16F7-4668-BE54-9A1E7A4F7556}") = "FlyWebAPI", "Fly.Server\FlyWebAPI.csproj", "{3EAE96EF-D702-49BE-9785-62AC4834FDF7}"
EndProject
Project("{9A19103F-16F7-4668-BE54-9A1E7A4F7556}") = "FlyDataAccess", "FlyDataAccess\FlyDataAccess.csproj", "{1F027470-25B3-4919-B2FD-267BAF8F2147}"
EndProject
Project("{9A19103F-16F7-4668-BE54-9A1E7A4F7556}") = "FlyBusiness", "FlyBusiness\FlyBusiness.csproj", "{D9E5F3ED-CB59-4652-BB93-843D6B34F788}"
EndProject
Project("{FAE04EC0-301F-11D3-BF4B-00C04F79EFBC}") = "Core", "Core\Core.csproj", "{5489394E-926D-4BF2-83C5-FB2C1EF1B5F9}"
EndProject
Global
	GlobalSection(SolutionConfigurationPlatforms) = preSolution
		Debug|Any CPU = Debug|Any CPU
		Release|Any CPU = Release|Any CPU
	EndGlobalSection
	GlobalSection(ProjectConfigurationPlatforms) = postSolution
		{4D791D7A-2A08-45AC-945D-D407C3D9CC54}.Debug|Any CPU.ActiveCfg = Debug|Any CPU
		{4D791D7A-2A08-45AC-945D-D407C3D9CC54}.Debug|Any CPU.Build.0 = Debug|Any CPU
		{4D791D7A-2A08-45AC-945D-D407C3D9CC54}.Release|Any CPU.ActiveCfg = Release|Any CPU
		{4D791D7A-2A08-45AC-945D-D407C3D9CC54}.Release|Any CPU.Build.0 = Release|Any CPU
		{3EAE96EF-D702-49BE-9785-62AC4834FDF7}.Debug|Any CPU.ActiveCfg = Debug|Any CPU
		{3EAE96EF-D702-49BE-9785-62AC4834FDF7}.Debug|Any CPU.Build.0 = Debug|Any CPU
		{3EAE96EF-D702-49BE-9785-62AC4834FDF7}.Release|Any CPU.ActiveCfg = Release|Any CPU
		{3EAE96EF-D702-49BE-9785-62AC4834FDF7}.Release|Any CPU.Build.0 = Release|Any CPU
		{1F027470-25B3-4919-B2FD-267BAF8F2147}.Debug|Any CPU.ActiveCfg = Debug|Any CPU
		{1F027470-25B3-4919-B2FD-267BAF8F2147}.Debug|Any CPU.Build.0 = Debug|Any CPU
		{1F027470-25B3-4919-B2FD-267BAF8F2147}.Release|Any CPU.ActiveCfg = Release|Any CPU
		{1F027470-25B3-4919-B2FD-267BAF8F2147}.Release|Any CPU.Build.0 = Release|Any CPU
		{D9E5F3ED-CB59-4652-BB93-843D6B34F788}.Debug|Any CPU.ActiveCfg = Debug|Any CPU
		{D9E5F3ED-CB59-4652-BB93-843D6B34F788}.Debug|Any CPU.Build.0 = Debug|Any CPU
		{D9E5F3ED-CB59-4652-BB93-843D6B34F788}.Release|Any CPU.ActiveCfg = Release|Any CPU
		{D9E5F3ED-CB59-4652-BB93-843D6B34F788}.Release|Any CPU.Build.0 = Release|Any CPU
		{5489394E-926D-4BF2-83C5-FB2C1EF1B5F9}.Debug|Any CPU.ActiveCfg = Debug|Any CPU
		{5489394E-926D-4BF2-83C5-FB2C1EF1B5F9}.Debug|Any CPU.Build.0 = Debug|Any CPU
		{5489394E-926D-4BF2-83C5-FB2C1EF1B5F9}.Release|Any CPU.ActiveCfg = Release|Any CPU
		{5489394E-926D-4BF2-83C5-FB2C1EF1B5F9}.Release|Any CPU.Build.0 = Release|Any CPU
	EndGlobalSection
	GlobalSection(SolutionProperties) = preSolution
		HideSolutionNode = FALSE
	EndGlobalSection
	GlobalSection(ExtensibilityGlobals) = postSolution
		SolutionGuid = {A036F8A7-45AB-455A-8B24-28CF0F4CA811}
	EndGlobalSection
EndGlobal
